// !$*UTF8*$!
{
	archiveVersion = 1;
	classes = {
	};
	objectVersion = 50;
	objects = {

/* Begin PBXBuildFile section */
		934A74F320E13E5800837E1E /* beach.mp3 in Resources */ = {isa = PBXBuildFile; fileRef = 934A74ED20E13E5800837E1E /* beach.mp3 */; };
		934A74F420E13E5800837E1E /* stove_fire.mp3 in Resources */ = {isa = PBXBuildFile; fileRef = 934A74EE20E13E5800837E1E /* stove_fire.mp3 */; };
		934A74F520E13E5800837E1E /* summer_night.mp3 in Resources */ = {isa = PBXBuildFile; fileRef = 934A74EF20E13E5800837E1E /* summer_night.mp3 */; };
		934A74F620E13E5800837E1E /* numberpicker_value_change.ogg in Resources */ = {isa = PBXBuildFile; fileRef = 934A74F020E13E5800837E1E /* numberpicker_value_change.ogg */; };
		934A74F720E13E5800837E1E /* forest.mp3 in Resources */ = {isa = PBXBuildFile; fileRef = 934A74F120E13E5800837E1E /* forest.mp3 */; };
		934A74F820E13E5800837E1E /* spring_rain.mp3 in Resources */ = {isa = PBXBuildFile; fileRef = 934A74F220E13E5800837E1E /* spring_rain.mp3 */; };
		93AC9A6620DE229D00FCA562 /* AppDelegate.swift in Sources */ = {isa = PBXBuildFile; fileRef = 93AC9A6520DE229D00FCA562 /* AppDelegate.swift */; };
		93AC9A6820DE229D00FCA562 /* ViewController.swift in Sources */ = {isa = PBXBuildFile; fileRef = 93AC9A6720DE229D00FCA562 /* ViewController.swift */; };
		93AC9A6B20DE229D00FCA562 /* Main.storyboard in Resources */ = {isa = PBXBuildFile; fileRef = 93AC9A6920DE229D00FCA562 /* Main.storyboard */; };
		93AC9A6D20DE229F00FCA562 /* Assets.xcassets in Resources */ = {isa = PBXBuildFile; fileRef = 93AC9A6C20DE229F00FCA562 /* Assets.xcassets */; };
		93AC9A7020DE229F00FCA562 /* LaunchScreen.storyboard in Resources */ = {isa = PBXBuildFile; fileRef = 93AC9A6E20DE229F00FCA562 /* LaunchScreen.storyboard */; };
		93AC9A8D20DE277100FCA562 /* Page1.swift in Sources */ = {isa = PBXBuildFile; fileRef = 93AC9A8C20DE277100FCA562 /* Page1.swift */; };
		93AC9A8F20DE2A7A00FCA562 /* Page2.swift in Sources */ = {isa = PBXBuildFile; fileRef = 93AC9A8E20DE2A7A00FCA562 /* Page2.swift */; };
		93EE47F120DFCBD6007E0593 /* PublicControl.swift in Sources */ = {isa = PBXBuildFile; fileRef = 93EE47F020DFCBD6007E0593 /* PublicControl.swift */; };
/* End PBXBuildFile section */

/* Begin PBXContainerItemProxy section */
		934A74FD20E145E300837E1E /* PBXContainerItemProxy */ = {
			isa = PBXContainerItemProxy;
			containerPortal = 934A74F920E145E300837E1E /* PagingMenuController.xcodeproj */;
			proxyType = 2;
			remoteGlobalIDString = ECE530671B6DEB18001CF201;
			remoteInfo = PagingMenuController;
		};
/* End PBXContainerItemProxy section */

/* Begin PBXCopyFilesBuildPhase section */
		93AC9A8120DE23A000FCA562 /* Embed Frameworks */ = {
			isa = PBXCopyFilesBuildPhase;
			buildActionMask = 2147483647;
			dstPath = "";
			dstSubfolderSpec = 10;
			files = (
			);
			name = "Embed Frameworks";
			runOnlyForDeploymentPostprocessing = 0;
		};
/* End PBXCopyFilesBuildPhase section */

/* Begin PBXFileReference section */
		934A74ED20E13E5800837E1E /* beach.mp3 */ = {isa = PBXFileReference; lastKnownFileType = audio.mp3; path = beach.mp3; sourceTree = "<group>"; };
		934A74EE20E13E5800837E1E /* stove_fire.mp3 */ = {isa = PBXFileReference; lastKnownFileType = audio.mp3; path = stove_fire.mp3; sourceTree = "<group>"; };
		934A74EF20E13E5800837E1E /* summer_night.mp3 */ = {isa = PBXFileReference; lastKnownFileType = audio.mp3; path = summer_night.mp3; sourceTree = "<group>"; };
		934A74F020E13E5800837E1E /* numberpicker_value_change.ogg */ = {isa = PBXFileReference; lastKnownFileType = file; path = numberpicker_value_change.ogg; sourceTree = "<group>"; };
		934A74F120E13E5800837E1E /* forest.mp3 */ = {isa = PBXFileReference; lastKnownFileType = audio.mp3; path = forest.mp3; sourceTree = "<group>"; };
		934A74F220E13E5800837E1E /* spring_rain.mp3 */ = {isa = PBXFileReference; lastKnownFileType = audio.mp3; path = spring_rain.mp3; sourceTree = "<group>"; };
		934A74F920E145E300837E1E /* PagingMenuController.xcodeproj */ = {isa = PBXFileReference; lastKnownFileType = "wrapper.pb-project"; name = PagingMenuController.xcodeproj; path = ../PagingMenuControllerForSwift4/PagingMenuController.xcodeproj; sourceTree = "<group>"; };
		93AC9A6220DE229D00FCA562 /* Natural.app */ = {isa = PBXFileReference; explicitFileType = wrapper.application; includeInIndex = 0; path = Natural.app; sourceTree = BUILT_PRODUCTS_DIR; };
		93AC9A6520DE229D00FCA562 /* AppDelegate.swift */ = {isa = PBXFileReference; lastKnownFileType = sourcecode.swift; path = AppDelegate.swift; sourceTree = "<group>"; };
		93AC9A6720DE229D00FCA562 /* ViewController.swift */ = {isa = PBXFileReference; lastKnownFileType = sourcecode.swift; path = ViewController.swift; sourceTree = "<group>"; };
		93AC9A6A20DE229D00FCA562 /* Base */ = {isa = PBXFileReference; lastKnownFileType = file.storyboard; name = Base; path = Base.lproj/Main.storyboard; sourceTree = "<group>"; };
		93AC9A6C20DE229F00FCA562 /* Assets.xcassets */ = {isa = PBXFileReference; lastKnownFileType = folder.assetcatalog; path = Assets.xcassets; sourceTree = "<group>"; };
		93AC9A6F20DE229F00FCA562 /* Base */ = {isa = PBXFileReference; lastKnownFileType = file.storyboard; name = Base; path = Base.lproj/LaunchScreen.storyboard; sourceTree = "<group>"; };
		93AC9A7120DE229F00FCA562 /* Info.plist */ = {isa = PBXFileReference; lastKnownFileType = text.plist.xml; path = Info.plist; sourceTree = "<group>"; };
		93AC9A8C20DE277100FCA562 /* Page1.swift */ = {isa = PBXFileReference; lastKnownFileType = sourcecode.swift; path = Page1.swift; sourceTree = "<group>"; };
		93AC9A8E20DE2A7A00FCA562 /* Page2.swift */ = {isa = PBXFileReference; lastKnownFileType = sourcecode.swift; path = Page2.swift; sourceTree = "<group>"; };
		93EE47F020DFCBD6007E0593 /* PublicControl.swift */ = {isa = PBXFileReference; lastKnownFileType = sourcecode.swift; path = PublicControl.swift; sourceTree = "<group>"; };
/* End PBXFileReference section */

/* Begin PBXFrameworksBuildPhase section */
		93AC9A5F20DE229D00FCA562 /* Frameworks */ = {
			isa = PBXFrameworksBuildPhase;
			buildActionMask = 2147483647;
			files = (
			);
			runOnlyForDeploymentPostprocessing = 0;
		};
/* End PBXFrameworksBuildPhase section */

/* Begin PBXGroup section */
		934A74FA20E145E300837E1E /* Products */ = {
			isa = PBXGroup;
			children = (
				934A74FE20E145E300837E1E /* PagingMenuController.framework */,
			);
			name = Products;
			sourceTree = "<group>";
		};
		93AC9A5920DE229D00FCA562 = {
			isa = PBXGroup;
			children = (
				934A74F920E145E300837E1E /* PagingMenuController.xcodeproj */,
				93AC9A6420DE229D00FCA562 /* Natural */,
				93AC9A6320DE229D00FCA562 /* Products */,
			);
			sourceTree = "<group>";
		};
		93AC9A6320DE229D00FCA562 /* Products */ = {
			isa = PBXGroup;
			children = (
				93AC9A6220DE229D00FCA562 /* Natural.app */,
			);
			name = Products;
			sourceTree = "<group>";
		};
		93AC9A6420DE229D00FCA562 /* Natural */ = {
			isa = PBXGroup;
			children = (
				93AC9A6520DE229D00FCA562 /* AppDelegate.swift */,
				93AC9A6720DE229D00FCA562 /* ViewController.swift */,
				93AC9A6920DE229D00FCA562 /* Main.storyboard */,
				93AC9A6C20DE229F00FCA562 /* Assets.xcassets */,
				93AC9A6E20DE229F00FCA562 /* LaunchScreen.storyboard */,
				93AC9A8C20DE277100FCA562 /* Page1.swift */,
				93AC9A8E20DE2A7A00FCA562 /* Page2.swift */,
				93EE47F020DFCBD6007E0593 /* PublicControl.swift */,
				93AC9AA720DE557300FCA562 /* sound */,
				93AC9A7120DE229F00FCA562 /* Info.plist */,
			);
			path = Natural;
			sourceTree = "<group>";
		};
		93AC9AA720DE557300FCA562 /* sound */ = {
			isa = PBXGroup;
			children = (
				934A74ED20E13E5800837E1E /* beach.mp3 */,
				934A74F120E13E5800837E1E /* forest.mp3 */,
				934A74F020E13E5800837E1E /* numberpicker_value_change.ogg */,
				934A74F220E13E5800837E1E /* spring_rain.mp3 */,
				934A74EE20E13E5800837E1E /* stove_fire.mp3 */,
				934A74EF20E13E5800837E1E /* summer_night.mp3 */,
			);
			path = sound;
			sourceTree = "<group>";
		};
/* End PBXGroup section */

/* Begin PBXNativeTarget section */
		93AC9A6120DE229D00FCA562 /* Natural */ = {
			isa = PBXNativeTarget;
			buildConfigurationList = 93AC9A7420DE229F00FCA562 /* Build configuration list for PBXNativeTarget "Natural" */;
			buildPhases = (
				93AC9A5E20DE229D00FCA562 /* Sources */,
				93AC9A5F20DE229D00FCA562 /* Frameworks */,
				93AC9A6020DE229D00FCA562 /* Resources */,
				93AC9A8120DE23A000FCA562 /* Embed Frameworks */,
			);
			buildRules = (
			);
			dependencies = (
			);
			name = Natural;
			productName = Natural;
			productReference = 93AC9A6220DE229D00FCA562 /* Natural.app */;
			productType = "com.apple.product-type.application";
		};
/* End PBXNativeTarget section */

/* Begin PBXProject section */
		93AC9A5A20DE229D00FCA562 /* Project object */ = {
			isa = PBXProject;
			attributes = {
				LastSwiftUpdateCheck = 0940;
				LastUpgradeCheck = 0940;
				ORGANIZATIONNAME = youngxkk;
				TargetAttributes = {
					93AC9A6120DE229D00FCA562 = {
						CreatedOnToolsVersion = 9.4;
					};
				};
			};
			buildConfigurationList = 93AC9A5D20DE229D00FCA562 /* Build configuration list for PBXProject "Natural" */;
			compatibilityVersion = "Xcode 9.3";
			developmentRegion = en;
			hasScannedForEncodings = 0;
			knownRegions = (
				en,
				Base,
			);
			mainGroup = 93AC9A5920DE229D00FCA562;
			productRefGroup = 93AC9A6320DE229D00FCA562 /* Products */;
			projectDirPath = "";
			projectReferences = (
				{
					ProductGroup = 934A74FA20E145E300837E1E /* Products */;
					ProjectRef = 934A74F920E145E300837E1E /* PagingMenuController.xcodeproj */;
				},
			);
			projectRoot = "";
			targets = (
				93AC9A6120DE229D00FCA562 /* Natural */,
			);
		};
/* End PBXProject section */

/* Begin PBXReferenceProxy section */
		934A74FE20E145E300837E1E /* PagingMenuController.framework */ = {
			isa = PBXReferenceProxy;
			fileType = wrapper.framework;
			path = PagingMenuController.framework;
			remoteRef = 934A74FD20E145E300837E1E /* PBXContainerItemProxy */;
			sourceTree = BUILT_PRODUCTS_DIR;
		};
/* End PBXReferenceProxy section */

/* Begin PBXResourcesBuildPhase section */
		93AC9A6020DE229D00FCA562 /* Resources */ = {
			isa = PBXResourcesBuildPhase;
			buildActionMask = 2147483647;
			files = (
				93AC9A7020DE229F00FCA562 /* LaunchScreen.storyboard in Resources */,
				93AC9A6D20DE229F00FCA562 /* Assets.xcassets in Resources */,
				934A74F520E13E5800837E1E /* summer_night.mp3 in Resources */,
				934A74F720E13E5800837E1E /* forest.mp3 in Resources */,
				934A74F320E13E5800837E1E /* beach.mp3 in Resources */,
				934A74F620E13E5800837E1E /* numberpicker_value_change.ogg in Resources */,
				93AC9A6B20DE229D00FCA562 /* Main.storyboard in Resources */,
				934A74F420E13E5800837E1E /* stove_fire.mp3 in Resources */,
				934A74F820E13E5800837E1E /* spring_rain.mp3 in Resources */,
			);
			runOnlyForDeploymentPostprocessing = 0;
		};
/* End PBXResourcesBuildPhase section */

/* Begin PBXSourcesBuildPhase section */
		93AC9A5E20DE229D00FCA562 /* Sources */ = {
			isa = PBXSourcesBuildPhase;
			buildActionMask = 2147483647;
			files = (
				93AC9A6820DE229D00FCA562 /* ViewController.swift in Sources */,
				93AC9A8F20DE2A7A00FCA562 /* Page2.swift in Sources */,
				93EE47F120DFCBD6007E0593 /* PublicControl.swift in Sources */,
				93AC9A6620DE229D00FCA562 /* AppDelegate.swift in Sources */,
				93AC9A8D20DE277100FCA562 /* Page1.swift in Sources */,
			);
			runOnlyForDeploymentPostprocessing = 0;
		};
/* End PBXSourcesBuildPhase section */

/* Begin PBXVariantGroup section */
		93AC9A6920DE229D00FCA562 /* Main.storyboard */ = {
			isa = PBXVariantGroup;
			children = (
				93AC9A6A20DE229D00FCA562 /* Base */,
			);
			name = Main.storyboard;
			sourceTree = "<group>";
		};
		93AC9A6E20DE229F00FCA562 /* LaunchScreen.storyboard */ = {
			isa = PBXVariantGroup;
			children = (
				93AC9A6F20DE229F00FCA562 /* Base */,
			);
			name = LaunchScreen.storyboard;
			sourceTree = "<group>";
		};
/* End PBXVariantGroup section */

/* Begin XCBuildConfiguration section */
		93AC9A7220DE229F00FCA562 /* Debug */ = {
			isa = XCBuildConfiguration;
			buildSettings = {
				ALWAYS_SEARCH_USER_PATHS = NO;
				CLANG_ANALYZER_NONNULL = YES;
				CLANG_ANALYZER_NUMBER_OBJECT_CONVERSION = YES_AGGRESSIVE;
				CLANG_CXX_LANGUAGE_STANDARD = "gnu++14";
				CLANG_CXX_LIBRARY = "libc++";
				CLANG_ENABLE_MODULES = YES;
				CLANG_ENABLE_OBJC_ARC = YES;
				CLANG_ENABLE_OBJC_WEAK = YES;
				CLANG_WARN_BLOCK_CAPTURE_AUTORELEASING = YES;
				CLANG_WARN_BOOL_CONVERSION = YES;
				CLANG_WARN_COMMA = YES;
				CLANG_WARN_CONSTANT_CONVERSION = YES;
				CLANG_WARN_DEPRECATED_OBJC_IMPLEMENTATIONS = YES;
				CLANG_WARN_DIRECT_OBJC_ISA_USAGE = YES_ERROR;
				CLANG_WARN_DOCUMENTATION_COMMENTS = YES;
				CLANG_WARN_EMPTY_BODY = YES;
				CLANG_WARN_ENUM_CONVERSION = YES;
				CLANG_WARN_INFINITE_RECURSION = YES;
				CLANG_WARN_INT_CONVERSION = YES;
				CLANG_WARN_NON_LITERAL_NULL_CONVERSION = YES;
				CLANG_WARN_OBJC_IMPLICIT_RETAIN_SELF = YES;
				CLANG_WARN_OBJC_LITERAL_CONVERSION = YES;
				CLANG_WARN_OBJC_ROOT_CLASS = YES_ERROR;
				CLANG_WARN_RANGE_LOOP_ANALYSIS = YES;
				CLANG_WARN_STRICT_PROTOTYPES = YES;
				CLANG_WARN_SUSPICIOUS_MOVE = YES;
				CLANG_WARN_UNGUARDED_AVAILABILITY = YES_AGGRESSIVE;
				CLANG_WARN_UNREACHABLE_CODE = YES;
				CLANG_WARN__DUPLICATE_METHOD_MATCH = YES;
				CODE_SIGN_IDENTITY = "iPhone Developer";
				COPY_PHASE_STRIP = NO;
				DEBUG_INFORMATION_FORMAT = dwarf;
				ENABLE_STRICT_OBJC_MSGSEND = YES;
				ENABLE_TESTABILITY = YES;
				GCC_C_LANGUAGE_STANDARD = gnu11;
				GCC_DYNAMIC_NO_PIC = NO;
				GCC_NO_COMMON_BLOCKS = YES;
				GCC_OPTIMIZATION_LEVEL = 0;
				GCC_PREPROCESSOR_DEFINITIONS = (
					"DEBUG=1",
					"$(inherited)",
				);
				GCC_WARN_64_TO_32_BIT_CONVERSION = YES;
				GCC_WARN_ABOUT_RETURN_TYPE = YES_ERROR;
				GCC_WARN_UNDECLARED_SELECTOR = YES;
				GCC_WARN_UNINITIALIZED_AUTOS = YES_AGGRESSIVE;
				GCC_WARN_UNUSED_FUNCTION = YES;
				GCC_WARN_UNUSED_VARIABLE = YES;
				IPHONEOS_DEPLOYMENT_TARGET = 11.4;
				MTL_ENABLE_DEBUG_INFO = YES;
				ONLY_ACTIVE_ARCH = YES;
				SDKROOT = iphoneos;
				SWIFT_ACTIVE_COMPILATION_CONDITIONS = DEBUG;
				SWIFT_OPTIMIZATION_LEVEL = "-Onone";
			};
			name = Debug;
		};
		93AC9A7320DE229F00FCA562 /* Release */ = {
			isa = XCBuildConfiguration;
			buildSettings = {
				ALWAYS_SEARCH_USER_PATHS = NO;
				CLANG_ANALYZER_NONNULL = YES;
				CLANG_ANALYZER_NUMBER_OBJECT_CONVERSION = YES_AGGRESSIVE;
				CLANG_CXX_LANGUAGE_STANDARD = "gnu++14";
				CLANG_CXX_LIBRARY = "libc++";
				CLANG_ENABLE_MODULES = YES;
				CLANG_ENABLE_OBJC_ARC = YES;
				CLANG_ENABLE_OBJC_WEAK = YES;
				CLANG_WARN_BLOCK_CAPTURE_AUTORELEASING = YES;
				CLANG_WARN_BOOL_CONVERSION = YES;
				CLANG_WARN_COMMA = YES;
				CLANG_WARN_CONSTANT_CONVERSION = YES;
				CLANG_WARN_DEPRECATED_OBJC_IMPLEMENTATIONS = YES;
				CLANG_WARN_DIRECT_OBJC_ISA_USAGE = YES_ERROR;
				CLANG_WARN_DOCUMENTATION_COMMENTS = YES;
				CLANG_WARN_EMPTY_BODY = YES;
				CLANG_WARN_ENUM_CONVERSION = YES;
				CLANG_WARN_INFINITE_RECURSION = YES;
				CLANG_WARN_INT_CONVERSION = YES;
				CLANG_WARN_NON_LITERAL_NULL_CONVERSION = YES;
				CLANG_WARN_OBJC_IMPLICIT_RETAIN_SELF = YES;
				CLANG_WARN_OBJC_LITERAL_CONVERSION = YES;
				CLANG_WARN_OBJC_ROOT_CLASS = YES_ERROR;
				CLANG_WARN_RANGE_LOOP_ANALYSIS = YES;
				CLANG_WARN_STRICT_PROTOTYPES = YES;
				CLANG_WARN_SUSPICIOUS_MOVE = YES;
				CLANG_WARN_UNGUARDED_AVAILABILITY = YES_AGGRESSIVE;
				CLANG_WARN_UNREACHABLE_CODE = YES;
				CLANG_WARN__DUPLICATE_METHOD_MATCH = YES;
				CODE_SIGN_IDENTITY = "iPhone Developer";
				COPY_PHASE_STRIP = NO;
				DEBUG_INFORMATION_FORMAT = "dwarf-with-dsym";
				ENABLE_NS_ASSERTIONS = NO;
				ENABLE_STRICT_OBJC_MSGSEND = YES;
				GCC_C_LANGUAGE_STANDARD = gnu11;
				GCC_NO_COMMON_BLOCKS = YES;
				GCC_WARN_64_TO_32_BIT_CONVERSION = YES;
				GCC_WARN_ABOUT_RETURN_TYPE = YES_ERROR;
				GCC_WARN_UNDECLARED_SELECTOR = YES;
				GCC_WARN_UNINITIALIZED_AUTOS = YES_AGGRESSIVE;
				GCC_WARN_UNUSED_FUNCTION = YES;
				GCC_WARN_UNUSED_VARIABLE = YES;
				IPHONEOS_DEPLOYMENT_TARGET = 11.4;
				MTL_ENABLE_DEBUG_INFO = NO;
				SDKROOT = iphoneos;
				SWIFT_COMPILATION_MODE = wholemodule;
				SWIFT_OPTIMIZATION_LEVEL = "-O";
				VALIDATE_PRODUCT = YES;
			};
			name = Release;
		};
		93AC9A7520DE229F00FCA562 /* Debug */ = {
			isa = XCBuildConfiguration;
			buildSettings = {
				ALWAYS_EMBED_SWIFT_STANDARD_LIBRARIES = YES;
				ASSETCATALOG_COMPILER_APPICON_NAME = AppIcon;
				CODE_SIGN_STYLE = Automatic;
				DEVELOPMENT_TEAM = 3HXS5BHKBP;
				INFOPLIST_FILE = Natural/Info.plist;
				LD_RUNPATH_SEARCH_PATHS = (
					"$(inherited)",
					"@executable_path/Frameworks",
				);
				PRODUCT_BUNDLE_IDENTIFIER = com.very.Funny.Natural;
				PRODUCT_NAME = "$(TARGET_NAME)";
				SWIFT_VERSION = 4.0;
				TARGETED_DEVICE_FAMILY = "1,2";
			};
			name = Debug;
		};
		93AC9A7620DE229F00FCA562 /* Release */ = {
			isa = XCBuildConfiguration;
			buildSettings = {
				ALWAYS_EMBED_SWIFT_STANDARD_LIBRARIES = YES;
				ASSETCATALOG_COMPILER_APPICON_NAME = AppIcon;
				CODE_SIGN_STYLE = Automatic;
				DEVELOPMENT_TEAM = 3HXS5BHKBP;
				INFOPLIST_FILE = Natural/Info.plist;
				LD_RUNPATH_SEARCH_PATHS = (
					"$(inherited)",
					"@executable_path/Frameworks",
				);
				PRODUCT_BUNDLE_IDENTIFIER = com.very.Funny.Natural;
				PRODUCT_NAME = "$(TARGET_NAME)";
				SWIFT_VERSION = 4.0;
				TARGETED_DEVICE_FAMILY = "1,2";
			};
			name = Release;
		};
/* End XCBuildConfiguration section */

/* Begin XCConfigurationList section */
		93AC9A5D20DE229D00FCA562 /* Build configuration list for PBXProject "Natural" */ = {
			isa = XCConfigurationList;
			buildConfigurations = (
				93AC9A7220DE229F00FCA562 /* Debug */,
				93AC9A7320DE229F00FCA562 /* Release */,
			);
			defaultConfigurationIsVisible = 0;
			defaultConfigurationName = Release;
		};
		93AC9A7420DE229F00FCA562 /* Build configuration list for PBXNativeTarget "Natural" */ = {
			isa = XCConfigurationList;
			buildConfigurations = (
				93AC9A7520DE229F00FCA562 /* Debug */,
				93AC9A7620DE229F00FCA562 /* Release */,
			);
			defaultConfigurationIsVisible = 0;
			defaultConfigurationName = Release;
		};
/* End XCConfigurationList section */
	};
	rootObject = 93AC9A5A20DE229D00FCA562 /* Project object */;
}
